
Microsoft Visual Studio Solution File, Format Version 12.00
# Visual Studio Version 17
VisualStudioVersion = 17.12.35506.116
MinimumVisualStudioVersion = 10.0.40219.1
Project("{FAE04EC0-301F-11D3-BF4B-00C04F79EFBC}") = "ObjectAllocation", "ObjectAllocation\ObjectAllocation.csproj", "{3A03E011-CA66-47A8-A423-35534721F399}"
EndProject
Project("{FAE04EC0-301F-11D3-BF4B-00C04F79EFBC}") = "Humanizer", "Humanizer\Humanizer.csproj", "{B8E92887-BE2E-4522-A644-A77173214CDE}"
EndProject
Project("{2150E333-8FDC-42A3-9474-1A3956D46DE8}") = "Tests", "Tests", "{83AAFCA4-8155-440A-BDC0-36213AB7CD27}"
EndProject
Project("{2150E333-8FDC-42A3-9474-1A3956D46DE8}") = "1, Net Object Allocation", "1, Net Object Allocation", "{92F699F2-7C2B-4CD8-A531-65DB377D359C}"
EndProject
Project("{FAE04EC0-301F-11D3-BF4B-00C04F79EFBC}") = "ObjectAllocation.OK", "ObjectAllocation.OK\ObjectAllocation.OK.csproj", "{7C4D1A1D-5213-4D03-9D82-F35C2C0EF480}"
EndProject
Project("{FAE04EC0-301F-11D3-BF4B-00C04F79EFBC}") = "Humanizer.Performance", "Humanizer.Performance\Humanizer.Performance.csproj", "{4F1F8E3B-9CC8-4CBA-A135-2DD1AE03873D}"
EndProject
Project("{2150E333-8FDC-42A3-9474-1A3956D46DE8}") = "2. Database", "2. Database", "{ED1BFBFD-0610-4563-9056-5B6F8D10B2AC}"
EndProject
Project("{FAE04EC0-301F-11D3-BF4B-00C04F79EFBC}") = "DataBases", "DataBases\DataBases.csproj", "{023887DC-50F6-4EF6-B6EC-E11FB8912A43}"
EndProject
Project("{2150E333-8FDC-42A3-9474-1A3956D46DE8}") = "3. StringBuilder", "3. StringBuilder", "{7F3638BA-BEBD-4CA2-A4A2-E0D939DDB07A}"
EndProject
Project("{FAE04EC0-301F-11D3-BF4B-00C04F79EFBC}") = "StringManipulation", "StringManipulation\StringManipulation.csproj", "{C4DDBA94-41E8-4DDB-A08E-6D4A589C9914}"
EndProject
Project("{2150E333-8FDC-42A3-9474-1A3956D46DE8}") = "4. Object Instantiation", "4. Object Instantiation", "{78389BEC-97D6-4E60-BCA3-979248209BBD}"
EndProject
Project("{FAE04EC0-301F-11D3-BF4B-00C04F79EFBC}") = "Objects", "Objects\Objects.csproj", "{E163806B-DEF3-465D-A572-992FA3583E16}"
EndProject
Project("{2150E333-8FDC-42A3-9474-1A3956D46DE8}") = "5. Unboxing", "5. Unboxing", "{6E65B5F0-845C-42E4-B340-EB99CC6D0561}"
EndProject
Project("{FAE04EC0-301F-11D3-BF4B-00C04F79EFBC}") = "Boxing", "Boxing\Boxing.csproj", "{630016FD-379D-4100-8FA8-D1354189D604}"
EndProject
Project("{2150E333-8FDC-42A3-9474-1A3956D46DE8}") = "6. Asynchronous", "6. Asynchronous", "{E98A832C-511C-4602-896B-19139E0505EE}"
EndProject
Project("{FAE04EC0-301F-11D3-BF4B-00C04F79EFBC}") = "SyncTests", "SyncTests\SyncTests.csproj", "{378B0262-ED2A-4C11-B159-EE567DF69069}"
EndProject
Global
	GlobalSection(SolutionConfigurationPlatforms) = preSolution
		Debug|Any CPU = Debug|Any CPU
		Release|Any CPU = Release|Any CPU
	EndGlobalSection
	GlobalSection(ProjectConfigurationPlatforms) = postSolution
		{3A03E011-CA66-47A8-A423-35534721F399}.Debug|Any CPU.ActiveCfg = Debug|Any CPU
		{3A03E011-CA66-47A8-A423-35534721F399}.Debug|Any CPU.Build.0 = Debug|Any CPU
		{3A03E011-CA66-47A8-A423-35534721F399}.Release|Any CPU.ActiveCfg = Release|Any CPU
		{3A03E011-CA66-47A8-A423-35534721F399}.Release|Any CPU.Build.0 = Release|Any CPU
		{B8E92887-BE2E-4522-A644-A77173214CDE}.Debug|Any CPU.ActiveCfg = Debug|Any CPU
		{B8E92887-BE2E-4522-A644-A77173214CDE}.Debug|Any CPU.Build.0 = Debug|Any CPU
		{B8E92887-BE2E-4522-A644-A77173214CDE}.Release|Any CPU.ActiveCfg = Release|Any CPU
		{B8E92887-BE2E-4522-A644-A77173214CDE}.Release|Any CPU.Build.0 = Release|Any CPU
		{7C4D1A1D-5213-4D03-9D82-F35C2C0EF480}.Debug|Any CPU.ActiveCfg = Debug|Any CPU
		{7C4D1A1D-5213-4D03-9D82-F35C2C0EF480}.Debug|Any CPU.Build.0 = Debug|Any CPU
		{7C4D1A1D-5213-4D03-9D82-F35C2C0EF480}.Release|Any CPU.ActiveCfg = Release|Any CPU
		{7C4D1A1D-5213-4D03-9D82-F35C2C0EF480}.Release|Any CPU.Build.0 = Release|Any CPU
		{4F1F8E3B-9CC8-4CBA-A135-2DD1AE03873D}.Debug|Any CPU.ActiveCfg = Debug|Any CPU
		{4F1F8E3B-9CC8-4CBA-A135-2DD1AE03873D}.Debug|Any CPU.Build.0 = Debug|Any CPU
		{4F1F8E3B-9CC8-4CBA-A135-2DD1AE03873D}.Release|Any CPU.ActiveCfg = Release|Any CPU
		{4F1F8E3B-9CC8-4CBA-A135-2DD1AE03873D}.Release|Any CPU.Build.0 = Release|Any CPU
		{023887DC-50F6-4EF6-B6EC-E11FB8912A43}.Debug|Any CPU.ActiveCfg = Debug|Any CPU
		{023887DC-50F6-4EF6-B6EC-E11FB8912A43}.Debug|Any CPU.Build.0 = Debug|Any CPU
		{023887DC-50F6-4EF6-B6EC-E11FB8912A43}.Release|Any CPU.ActiveCfg = Release|Any CPU
		{023887DC-50F6-4EF6-B6EC-E11FB8912A43}.Release|Any CPU.Build.0 = Release|Any CPU
		{C4DDBA94-41E8-4DDB-A08E-6D4A589C9914}.Debug|Any CPU.ActiveCfg = Debug|Any CPU
		{C4DDBA94-41E8-4DDB-A08E-6D4A589C9914}.Debug|Any CPU.Build.0 = Debug|Any CPU
		{C4DDBA94-41E8-4DDB-A08E-6D4A589C9914}.Release|Any CPU.ActiveCfg = Release|Any CPU
		{C4DDBA94-41E8-4DDB-A08E-6D4A589C9914}.Release|Any CPU.Build.0 = Release|Any CPU
		{E163806B-DEF3-465D-A572-992FA3583E16}.Debug|Any CPU.ActiveCfg = Debug|Any CPU
		{E163806B-DEF3-465D-A572-992FA3583E16}.Debug|Any CPU.Build.0 = Debug|Any CPU
		{E163806B-DEF3-465D-A572-992FA3583E16}.Release|Any CPU.ActiveCfg = Release|Any CPU
		{E163806B-DEF3-465D-A572-992FA3583E16}.Release|Any CPU.Build.0 = Release|Any CPU
		{630016FD-379D-4100-8FA8-D1354189D604}.Debug|Any CPU.ActiveCfg = Debug|Any CPU
		{630016FD-379D-4100-8FA8-D1354189D604}.Debug|Any CPU.Build.0 = Debug|Any CPU
		{630016FD-379D-4100-8FA8-D1354189D604}.Release|Any CPU.ActiveCfg = Release|Any CPU
		{630016FD-379D-4100-8FA8-D1354189D604}.Release|Any CPU.Build.0 = Release|Any CPU
		{378B0262-ED2A-4C11-B159-EE567DF69069}.Debug|Any CPU.ActiveCfg = Debug|Any CPU
		{378B0262-ED2A-4C11-B159-EE567DF69069}.Debug|Any CPU.Build.0 = Debug|Any CPU
		{378B0262-ED2A-4C11-B159-EE567DF69069}.Release|Any CPU.ActiveCfg = Release|Any CPU
		{378B0262-ED2A-4C11-B159-EE567DF69069}.Release|Any CPU.Build.0 = Release|Any CPU
	EndGlobalSection
	GlobalSection(SolutionProperties) = preSolution
		HideSolutionNode = FALSE
	EndGlobalSection
	GlobalSection(NestedProjects) = preSolution
		{3A03E011-CA66-47A8-A423-35534721F399} = {92F699F2-7C2B-4CD8-A531-65DB377D359C}
		{92F699F2-7C2B-4CD8-A531-65DB377D359C} = {83AAFCA4-8155-440A-BDC0-36213AB7CD27}
		{7C4D1A1D-5213-4D03-9D82-F35C2C0EF480} = {92F699F2-7C2B-4CD8-A531-65DB377D359C}
		{ED1BFBFD-0610-4563-9056-5B6F8D10B2AC} = {83AAFCA4-8155-440A-BDC0-36213AB7CD27}
		{023887DC-50F6-4EF6-B6EC-E11FB8912A43} = {ED1BFBFD-0610-4563-9056-5B6F8D10B2AC}
		{7F3638BA-BEBD-4CA2-A4A2-E0D939DDB07A} = {83AAFCA4-8155-440A-BDC0-36213AB7CD27}
		{C4DDBA94-41E8-4DDB-A08E-6D4A589C9914} = {7F3638BA-BEBD-4CA2-A4A2-E0D939DDB07A}
		{78389BEC-97D6-4E60-BCA3-979248209BBD} = {83AAFCA4-8155-440A-BDC0-36213AB7CD27}
		{E163806B-DEF3-465D-A572-992FA3583E16} = {78389BEC-97D6-4E60-BCA3-979248209BBD}
		{6E65B5F0-845C-42E4-B340-EB99CC6D0561} = {83AAFCA4-8155-440A-BDC0-36213AB7CD27}
		{630016FD-379D-4100-8FA8-D1354189D604} = {6E65B5F0-845C-42E4-B340-EB99CC6D0561}
		{E98A832C-511C-4602-896B-19139E0505EE} = {83AAFCA4-8155-440A-BDC0-36213AB7CD27}
		{378B0262-ED2A-4C11-B159-EE567DF69069} = {E98A832C-511C-4602-896B-19139E0505EE}
	EndGlobalSection
EndGlobal
